<?xml version="1.0" encoding="utf-8"?>
<Project ToolsVersion="4.0" xmlns="http://schemas.microsoft.com/developer/msbuild/2003">
  <ItemGroup>
    <ClCompile Include="gk2_applicationBase.cpp">
      <Filter>Source Files</Filter>
    </ClCompile>
    <ClCompile Include="gk2_butterfly.cpp">
      <Filter>Source Files</Filter>
    </ClCompile>
    <ClCompile Include="gk2_camera.cpp">
      <Filter>Source Files</Filter>
    </ClCompile>
    <ClCompile Include="gk2_constantBuffer.cpp">
      <Filter>Source Files</Filter>
    </ClCompile>
    <ClCompile Include="gk2_deviceHelper.cpp">
      <Filter>Source Files</Filter>
    </ClCompile>
    <ClCompile Include="gk2_effectBase.cpp">
      <Filter>Source Files</Filter>
    </ClCompile>
    <ClCompile Include="gk2_exceptions.cpp">
      <Filter>Source Files</Filter>
    </ClCompile>
    <ClCompile Include="gk2_input.cpp">
      <Filter>Source Files</Filter>
    </ClCompile>
    <ClCompile Include="gk2_lightShadowEffect.cpp">
      <Filter>Source Files</Filter>
    </ClCompile>
    <ClCompile Include="gk2_particles.cpp">
      <Filter>Source Files</Filter>
    </ClCompile>
    <ClCompile Include="gk2_phongEffect.cpp">
      <Filter>Source Files</Filter>
    </ClCompile>
    <ClCompile Include="gk2_puma.cpp">
      <Filter>Source Files</Filter>
    </ClCompile>
    <ClCompile Include="gk2_utils.cpp">
      <Filter>Source Files</Filter>
    </ClCompile>
    <ClCompile Include="gk2_vertices.cpp">
      <Filter>Source Files</Filter>
    </ClCompile>
    <ClCompile Include="gk2_window.cpp">
      <Filter>Source Files</Filter>
    </ClCompile>
    <ClCompile Include="main.cpp">
      <Filter>Source Files</Filter>
    </ClCompile>
  </ItemGroup>
  <ItemGroup>
    <ClInclude Include="gk2_applicationBase.h">
      <Filter>Header Files</Filter>
    </ClInclude>
    <ClInclude Include="gk2_butterfly.h">
      <Filter>Header Files</Filter>
    </ClInclude>
    <ClInclude Include="gk2_camera.h">
      <Filter>Header Files</Filter>
    </ClInclude>
    <ClInclude Include="gk2_constantBuffer.h">
      <Filter>Header Files</Filter>
    </ClInclude>
    <ClInclude Include="gk2_deviceHelper.h">
      <Filter>Header Files</Filter>
    </ClInclude>
    <ClInclude Include="gk2_effectBase.h">
      <Filter>Header Files</Filter>
    </ClInclude>
    <ClInclude Include="gk2_exceptions.h">
      <Filter>Header Files</Filter>
    </ClInclude>
    <ClInclude Include="gk2_input.h">
      <Filter>Header Files</Filter>
    </ClInclude>
    <ClInclude Include="gk2_lightShadowEffect.h">
      <Filter>Header Files</Filter>
    </ClInclude>
    <ClInclude Include="gk2_particles.h">
      <Filter>Header Files</Filter>
    </ClInclude>
    <ClInclude Include="gk2_phongEffect.h">
      <Filter>Header Files</Filter>
    </ClInclude>
    <ClInclude Include="gk2_puma.h">
      <Filter>Header Files</Filter>
    </ClInclude>
    <ClInclude Include="gk2_utils.h">
      <Filter>Header Files</Filter>
    </ClInclude>
    <ClInclude Include="gk2_vertices.h">
      <Filter>Header Files</Filter>
    </ClInclude>
    <ClInclude Include="gk2_window.h">
      <Filter>Header Files</Filter>
    </ClInclude>
  </ItemGroup>
  <ItemGroup>
    <Filter Include="Header Files">
      <UniqueIdentifier>{2ad386cf-460d-4586-9e08-1b098f39f2dc}</UniqueIdentifier>
    </Filter>
    <Filter Include="Source Files">
      <UniqueIdentifier>{bee497d3-a8aa-41d5-947d-917c19a87cd5}</UniqueIdentifier>
    </Filter>
    <Filter Include="Resource Files">
      <UniqueIdentifier>{f6b7a52c-7a92-4a85-9252-78c77ab1ccaf}</UniqueIdentifier>
    </Filter>
  </ItemGroup>
  <ItemGroup>
    <None Include="resources\shaders\Butterfly.hlsl">
      <Filter>Resource Files</Filter>
    </None>
    <None Include="resources\shaders\LightShadow.hlsl">
      <Filter>Resource Files</Filter>
    </None>
    <None Include="resources\shaders\Particles.hlsl">
      <Filter>Resource Files</Filter>
    </None>
    <None Include="resources\shaders\PhongShader.hlsl">
      <Filter>Resource Files</Filter>
    </None>
    <None Include="resources\shaders\Puma.hlsl">
      <Filter>Resource Files</Filter>
    </None>
  </ItemGroup>
</Project>